
Microsoft Visual Studio Solution File, Format Version 12.00
# Visual Studio 15
VisualStudioVersion = 15.0.27004.2005
MinimumVisualStudioVersion = 10.0.40219.1
Project("{FAE04EC0-301F-11D3-BF4B-00C04F79EFBC}") = "ImgBoard.Web", "ImgBoard.Web\ImgBoard.Web.csproj", "{548D8EC7-D5B3-47B8-A1C3-00DA7FD61A75}"
EndProject
Project("{2150E333-8FDC-42A3-9474-1A3956D46DE8}") = "Front", "Front", "{39FB2440-26AD-4BA2-B6FD-105CD2146340}"
EndProject
Project("{2150E333-8FDC-42A3-9474-1A3956D46DE8}") = "Dal", "Dal", "{80A50342-1F00-4D75-AC1A-39416460E6AC}"
EndProject
Project("{2150E333-8FDC-42A3-9474-1A3956D46DE8}") = "Business", "Business", "{DE02AEC0-73D9-423E-9011-7E1C5D090A0F}"
EndProject
Project("{FAE04EC0-301F-11D3-BF4B-00C04F79EFBC}") = "ImgBoard.Business", "ImgBoard.Business\ImgBoard.Business.csproj", "{AB35B21F-F3B7-4F88-9272-8DB11C6DE0F2}"
EndProject
Project("{FAE04EC0-301F-11D3-BF4B-00C04F79EFBC}") = "ImgBoard.Dal", "ImgBoard.Dal\ImgBoard.Dal.csproj", "{88165174-E506-4D1B-A840-DEEAAF1373AB}"
EndProject
Project("{2150E333-8FDC-42A3-9474-1A3956D46DE8}") = "Shared", "Shared", "{3AEEA5FE-7F6E-4990-81F7-E6D8335143DA}"
EndProject
Project("{FAE04EC0-301F-11D3-BF4B-00C04F79EFBC}") = "ImgBoard.Models", "ImgBoard.Models\ImgBoard.Models.csproj", "{4D26567D-4C3F-4FB8-BA7F-59E2AF62AB54}"
EndProject
Project("{FAE04EC0-301F-11D3-BF4B-00C04F79EFBC}") = "ImgBoard.Dal.Tests", "ImgBoard.Dal.Tests\ImgBoard.Dal.Tests.csproj", "{49DDC24F-D133-46FA-9839-0960852ABEB5}"
EndProject
Project("{FAE04EC0-301F-11D3-BF4B-00C04F79EFBC}") = "ImgBoard.Shared", "ImgBoard.Shared\ImgBoard.Shared.csproj", "{BD4E5784-01AE-457C-B8FB-04499B16B506}"
EndProject
Global
	GlobalSection(SolutionConfigurationPlatforms) = preSolution
		Debug|Any CPU = Debug|Any CPU
		Release|Any CPU = Release|Any CPU
	EndGlobalSection
	GlobalSection(ProjectConfigurationPlatforms) = postSolution
		{548D8EC7-D5B3-47B8-A1C3-00DA7FD61A75}.Debug|Any CPU.ActiveCfg = Debug|Any CPU
		{548D8EC7-D5B3-47B8-A1C3-00DA7FD61A75}.Debug|Any CPU.Build.0 = Debug|Any CPU
		{548D8EC7-D5B3-47B8-A1C3-00DA7FD61A75}.Release|Any CPU.ActiveCfg = Release|Any CPU
		{548D8EC7-D5B3-47B8-A1C3-00DA7FD61A75}.Release|Any CPU.Build.0 = Release|Any CPU
		{AB35B21F-F3B7-4F88-9272-8DB11C6DE0F2}.Debug|Any CPU.ActiveCfg = Debug|Any CPU
		{AB35B21F-F3B7-4F88-9272-8DB11C6DE0F2}.Debug|Any CPU.Build.0 = Debug|Any CPU
		{AB35B21F-F3B7-4F88-9272-8DB11C6DE0F2}.Release|Any CPU.ActiveCfg = Release|Any CPU
		{AB35B21F-F3B7-4F88-9272-8DB11C6DE0F2}.Release|Any CPU.Build.0 = Release|Any CPU
		{88165174-E506-4D1B-A840-DEEAAF1373AB}.Debug|Any CPU.ActiveCfg = Debug|Any CPU
		{88165174-E506-4D1B-A840-DEEAAF1373AB}.Debug|Any CPU.Build.0 = Debug|Any CPU
		{88165174-E506-4D1B-A840-DEEAAF1373AB}.Release|Any CPU.ActiveCfg = Release|Any CPU
		{88165174-E506-4D1B-A840-DEEAAF1373AB}.Release|Any CPU.Build.0 = Release|Any CPU
		{4D26567D-4C3F-4FB8-BA7F-59E2AF62AB54}.Debug|Any CPU.ActiveCfg = Debug|Any CPU
		{4D26567D-4C3F-4FB8-BA7F-59E2AF62AB54}.Debug|Any CPU.Build.0 = Debug|Any CPU
		{4D26567D-4C3F-4FB8-BA7F-59E2AF62AB54}.Release|Any CPU.ActiveCfg = Release|Any CPU
		{4D26567D-4C3F-4FB8-BA7F-59E2AF62AB54}.Release|Any CPU.Build.0 = Release|Any CPU
		{49DDC24F-D133-46FA-9839-0960852ABEB5}.Debug|Any CPU.ActiveCfg = Debug|Any CPU
		{49DDC24F-D133-46FA-9839-0960852ABEB5}.Debug|Any CPU.Build.0 = Debug|Any CPU
		{49DDC24F-D133-46FA-9839-0960852ABEB5}.Release|Any CPU.ActiveCfg = Release|Any CPU
		{49DDC24F-D133-46FA-9839-0960852ABEB5}.Release|Any CPU.Build.0 = Release|Any CPU
		{BD4E5784-01AE-457C-B8FB-04499B16B506}.Debug|Any CPU.ActiveCfg = Debug|Any CPU
		{BD4E5784-01AE-457C-B8FB-04499B16B506}.Debug|Any CPU.Build.0 = Debug|Any CPU
		{BD4E5784-01AE-457C-B8FB-04499B16B506}.Release|Any CPU.ActiveCfg = Release|Any CPU
		{BD4E5784-01AE-457C-B8FB-04499B16B506}.Release|Any CPU.Build.0 = Release|Any CPU
	EndGlobalSection
	GlobalSection(SolutionProperties) = preSolution
		HideSolutionNode = FALSE
	EndGlobalSection
	GlobalSection(NestedProjects) = preSolution
		{548D8EC7-D5B3-47B8-A1C3-00DA7FD61A75} = {39FB2440-26AD-4BA2-B6FD-105CD2146340}
		{AB35B21F-F3B7-4F88-9272-8DB11C6DE0F2} = {DE02AEC0-73D9-423E-9011-7E1C5D090A0F}
		{88165174-E506-4D1B-A840-DEEAAF1373AB} = {80A50342-1F00-4D75-AC1A-39416460E6AC}
		{4D26567D-4C3F-4FB8-BA7F-59E2AF62AB54} = {3AEEA5FE-7F6E-4990-81F7-E6D8335143DA}
		{49DDC24F-D133-46FA-9839-0960852ABEB5} = {80A50342-1F00-4D75-AC1A-39416460E6AC}
		{BD4E5784-01AE-457C-B8FB-04499B16B506} = {3AEEA5FE-7F6E-4990-81F7-E6D8335143DA}
	EndGlobalSection
	GlobalSection(ExtensibilityGlobals) = postSolution
		SolutionGuid = {945C8BD7-FA84-47C3-A520-0AAC88C06CA7}
	EndGlobalSection
EndGlobal
